
Microsoft Visual Studio Solution File, Format Version 12.00
# Visual Studio Version 16
VisualStudioVersion = 16.0.28803.156
MinimumVisualStudioVersion = 10.0.40219.1
Project("{FAE04EC0-301F-11D3-BF4B-00C04F79EFBC}") = "TileDownLoader", "TileDownLoader\TileDownLoader.csproj", "{C6C539E8-3A07-4C3F-8943-D3F1DE99A72D}"
EndProject
Project("{FAE04EC0-301F-11D3-BF4B-00C04F79EFBC}") = "TrailMapLauncher", "TrailMapLauncher\TrailMapLauncher.csproj", "{4FEA4BB3-D294-480E-82B8-58808B55D36B}"
EndProject
Project("{FAE04EC0-301F-11D3-BF4B-00C04F79EFBC}") = "MapNavigator", "MapNavigator\MapNavigator.csproj", "{18C1258D-9E64-431D-8CEA-D1E6D643FE8F}"
EndProject
Project("{FAE04EC0-301F-11D3-BF4B-00C04F79EFBC}") = "TrailMapDesktop", "TrailMapDesktop\TrailMapDesktop.csproj", "{D7382D70-E2A7-4FA2-A308-EDCC1D79E669}"
EndProject
Global
	GlobalSection(SolutionConfigurationPlatforms) = preSolution
		Debug|Any CPU = Debug|Any CPU
		Debug|Mixed Platforms = Debug|Mixed Platforms
		Debug|x86 = Debug|x86
		Release|Any CPU = Release|Any CPU
		Release|Mixed Platforms = Release|Mixed Platforms
		Release|x86 = Release|x86
	EndGlobalSection
	GlobalSection(ProjectConfigurationPlatforms) = postSolution
		{C6C539E8-3A07-4C3F-8943-D3F1DE99A72D}.Debug|Any CPU.ActiveCfg = Debug|x86
		{C6C539E8-3A07-4C3F-8943-D3F1DE99A72D}.Debug|Mixed Platforms.ActiveCfg = Debug|x86
		{C6C539E8-3A07-4C3F-8943-D3F1DE99A72D}.Debug|Mixed Platforms.Build.0 = Debug|x86
		{C6C539E8-3A07-4C3F-8943-D3F1DE99A72D}.Debug|x86.ActiveCfg = Debug|x86
		{C6C539E8-3A07-4C3F-8943-D3F1DE99A72D}.Debug|x86.Build.0 = Debug|x86
		{C6C539E8-3A07-4C3F-8943-D3F1DE99A72D}.Release|Any CPU.ActiveCfg = Release|x86
		{C6C539E8-3A07-4C3F-8943-D3F1DE99A72D}.Release|Mixed Platforms.ActiveCfg = Release|x86
		{C6C539E8-3A07-4C3F-8943-D3F1DE99A72D}.Release|Mixed Platforms.Build.0 = Release|x86
		{C6C539E8-3A07-4C3F-8943-D3F1DE99A72D}.Release|x86.ActiveCfg = Release|x86
		{C6C539E8-3A07-4C3F-8943-D3F1DE99A72D}.Release|x86.Build.0 = Release|x86
		{4FEA4BB3-D294-480E-82B8-58808B55D36B}.Debug|Any CPU.ActiveCfg = Debug|x86
		{4FEA4BB3-D294-480E-82B8-58808B55D36B}.Debug|Mixed Platforms.ActiveCfg = Debug|x86
		{4FEA4BB3-D294-480E-82B8-58808B55D36B}.Debug|Mixed Platforms.Build.0 = Debug|x86
		{4FEA4BB3-D294-480E-82B8-58808B55D36B}.Debug|x86.ActiveCfg = Debug|x86
		{4FEA4BB3-D294-480E-82B8-58808B55D36B}.Debug|x86.Build.0 = Debug|x86
		{4FEA4BB3-D294-480E-82B8-58808B55D36B}.Release|Any CPU.ActiveCfg = Release|x86
		{4FEA4BB3-D294-480E-82B8-58808B55D36B}.Release|Mixed Platforms.ActiveCfg = Release|x86
		{4FEA4BB3-D294-480E-82B8-58808B55D36B}.Release|Mixed Platforms.Build.0 = Release|x86
		{4FEA4BB3-D294-480E-82B8-58808B55D36B}.Release|x86.ActiveCfg = Release|x86
		{4FEA4BB3-D294-480E-82B8-58808B55D36B}.Release|x86.Build.0 = Release|x86
		{18C1258D-9E64-431D-8CEA-D1E6D643FE8F}.Debug|Any CPU.ActiveCfg = Debug|Any CPU
		{18C1258D-9E64-431D-8CEA-D1E6D643FE8F}.Debug|Any CPU.Build.0 = Debug|Any CPU
		{18C1258D-9E64-431D-8CEA-D1E6D643FE8F}.Debug|Mixed Platforms.ActiveCfg = Debug|Any CPU
		{18C1258D-9E64-431D-8CEA-D1E6D643FE8F}.Debug|Mixed Platforms.Build.0 = Debug|Any CPU
		{18C1258D-9E64-431D-8CEA-D1E6D643FE8F}.Debug|x86.ActiveCfg = Debug|Any CPU
		{18C1258D-9E64-431D-8CEA-D1E6D643FE8F}.Debug|x86.Build.0 = Debug|Any CPU
		{18C1258D-9E64-431D-8CEA-D1E6D643FE8F}.Release|Any CPU.ActiveCfg = Release|Any CPU
		{18C1258D-9E64-431D-8CEA-D1E6D643FE8F}.Release|Any CPU.Build.0 = Release|Any CPU
		{18C1258D-9E64-431D-8CEA-D1E6D643FE8F}.Release|Mixed Platforms.ActiveCfg = Release|Any CPU
		{18C1258D-9E64-431D-8CEA-D1E6D643FE8F}.Release|Mixed Platforms.Build.0 = Release|Any CPU
		{18C1258D-9E64-431D-8CEA-D1E6D643FE8F}.Release|x86.ActiveCfg = Release|Any CPU
		{18C1258D-9E64-431D-8CEA-D1E6D643FE8F}.Release|x86.Build.0 = Release|Any CPU
		{D7382D70-E2A7-4FA2-A308-EDCC1D79E669}.Debug|Any CPU.ActiveCfg = Debug|Any CPU
		{D7382D70-E2A7-4FA2-A308-EDCC1D79E669}.Debug|Any CPU.Build.0 = Debug|Any CPU
		{D7382D70-E2A7-4FA2-A308-EDCC1D79E669}.Debug|Mixed Platforms.ActiveCfg = Debug|Any CPU
		{D7382D70-E2A7-4FA2-A308-EDCC1D79E669}.Debug|Mixed Platforms.Build.0 = Debug|Any CPU
		{D7382D70-E2A7-4FA2-A308-EDCC1D79E669}.Debug|x86.ActiveCfg = Debug|Any CPU
		{D7382D70-E2A7-4FA2-A308-EDCC1D79E669}.Debug|x86.Build.0 = Debug|Any CPU
		{D7382D70-E2A7-4FA2-A308-EDCC1D79E669}.Release|Any CPU.ActiveCfg = Release|Any CPU
		{D7382D70-E2A7-4FA2-A308-EDCC1D79E669}.Release|Any CPU.Build.0 = Release|Any CPU
		{D7382D70-E2A7-4FA2-A308-EDCC1D79E669}.Release|Mixed Platforms.ActiveCfg = Release|Any CPU
		{D7382D70-E2A7-4FA2-A308-EDCC1D79E669}.Release|Mixed Platforms.Build.0 = Release|Any CPU
		{D7382D70-E2A7-4FA2-A308-EDCC1D79E669}.Release|x86.ActiveCfg = Release|Any CPU
		{D7382D70-E2A7-4FA2-A308-EDCC1D79E669}.Release|x86.Build.0 = Release|Any CPU
	EndGlobalSection
	GlobalSection(SolutionProperties) = preSolution
		HideSolutionNode = FALSE
	EndGlobalSection
	GlobalSection(ExtensibilityGlobals) = postSolution
		SolutionGuid = {524BBA05-4199-481F-B4D8-A1FF8F5E4452}
	EndGlobalSection
EndGlobal
